
Microsoft Visual Studio Solution File, Format Version 12.00
# Visual Studio 15
VisualStudioVersion = 15.0.27130.2010
MinimumVisualStudioVersion = 10.0.40219.1
Project("{2150E333-8FDC-42A3-9474-1A3956D46DE8}") = "src", "src", "{3F557698-1C41-431A-8B4B-F60143907E0B}"
EndProject
Project("{2150E333-8FDC-42A3-9474-1A3956D46DE8}") = "Solution Items", "Solution Items", "{0D9B3EAE-FFD9-45A4-AF96-F655C9C9633F}"
	ProjectSection(SolutionItems) = preProject
		README.md = README.md
	EndProjectSection
EndProject
Project("{9A19103F-16F7-4668-BE54-9A1E7A4F7556}") = "AM.Common.GeoLocation", "src\AM.Common.GeoLocation\AM.Common.GeoLocation.csproj", "{D8D7960E-810B-4FDE-A0E7-E12FD106CB74}"
EndProject
Project("{2150E333-8FDC-42A3-9474-1A3956D46DE8}") = "test", "test", "{6CCC10E7-7643-4604-ABB3-1E0445EBDD5F}"
EndProject
Project("{9A19103F-16F7-4668-BE54-9A1E7A4F7556}") = "AM.Common.GeoLocation.Tests", "test\AM.Common.GeoLocation.Tests\AM.Common.GeoLocation.Tests.csproj", "{F62394BA-4192-4654-B73E-12C7C1F91339}"
EndProject
Global
	GlobalSection(SolutionConfigurationPlatforms) = preSolution
		Debug|Any CPU = Debug|Any CPU
		Release|Any CPU = Release|Any CPU
	EndGlobalSection
	GlobalSection(ProjectConfigurationPlatforms) = postSolution
		{D8D7960E-810B-4FDE-A0E7-E12FD106CB74}.Debug|Any CPU.ActiveCfg = Debug|Any CPU
		{D8D7960E-810B-4FDE-A0E7-E12FD106CB74}.Debug|Any CPU.Build.0 = Debug|Any CPU
		{D8D7960E-810B-4FDE-A0E7-E12FD106CB74}.Release|Any CPU.ActiveCfg = Release|Any CPU
		{D8D7960E-810B-4FDE-A0E7-E12FD106CB74}.Release|Any CPU.Build.0 = Release|Any CPU
		{F62394BA-4192-4654-B73E-12C7C1F91339}.Debug|Any CPU.ActiveCfg = Debug|Any CPU
		{F62394BA-4192-4654-B73E-12C7C1F91339}.Debug|Any CPU.Build.0 = Debug|Any CPU
		{F62394BA-4192-4654-B73E-12C7C1F91339}.Release|Any CPU.ActiveCfg = Release|Any CPU
		{F62394BA-4192-4654-B73E-12C7C1F91339}.Release|Any CPU.Build.0 = Release|Any CPU
	EndGlobalSection
	GlobalSection(SolutionProperties) = preSolution
		HideSolutionNode = FALSE
	EndGlobalSection
	GlobalSection(NestedProjects) = preSolution
		{D8D7960E-810B-4FDE-A0E7-E12FD106CB74} = {3F557698-1C41-431A-8B4B-F60143907E0B}
		{F62394BA-4192-4654-B73E-12C7C1F91339} = {6CCC10E7-7643-4604-ABB3-1E0445EBDD5F}
	EndGlobalSection
	GlobalSection(ExtensibilityGlobals) = postSolution
		SolutionGuid = {733EDC76-ACBF-4995-B7AC-E5134742D1C4}
	EndGlobalSection
EndGlobal
